// !$*UTF8*$!
{
	archiveVersion = 1;
	classes = {
	};
	objectVersion = 56;
	objects = {

/* Begin PBXBuildFile section */
		E9CE302E2A952E8800120A6D /* LeadYourWayApp.swift in Sources */ = {isa = PBXBuildFile; fileRef = E9CE302D2A952E8800120A6D /* LeadYourWayApp.swift */; };
		E9CE30302A952E8800120A6D /* ContentView.swift in Sources */ = {isa = PBXBuildFile; fileRef = E9CE302F2A952E8800120A6D /* ContentView.swift */; };
		E9CE30322A952E8900120A6D /* Assets.xcassets in Resources */ = {isa = PBXBuildFile; fileRef = E9CE30312A952E8900120A6D /* Assets.xcassets */; };
		E9CE30352A952E8900120A6D /* Preview Assets.xcassets in Resources */ = {isa = PBXBuildFile; fileRef = E9CE30342A952E8900120A6D /* Preview Assets.xcassets */; };
		E9F3B4722A97BAF200004A78 /* DashboardView.swift in Sources */ = {isa = PBXBuildFile; fileRef = E9F3B4712A97BAF200004A78 /* DashboardView.swift */; };
		E9F3B4782A97BC8100004A78 /* ExploreView.swift in Sources */ = {isa = PBXBuildFile; fileRef = E9F3B4772A97BC8100004A78 /* ExploreView.swift */; };
		E9F3B47B2A97BEA400004A78 /* TabMenuView.swift in Sources */ = {isa = PBXBuildFile; fileRef = E9F3B47A2A97BEA400004A78 /* TabMenuView.swift */; };
		E9F3B4812A97BF6300004A78 /* ProfileView.swift in Sources */ = {isa = PBXBuildFile; fileRef = E9F3B4802A97BF6300004A78 /* ProfileView.swift */; };
		E9F3B4892A97C01900004A78 /* NotificationsView.swift in Sources */ = {isa = PBXBuildFile; fileRef = E9F3B4882A97C01900004A78 /* NotificationsView.swift */; };
		E9F3B48B2A97C0D600004A78 /* Bike.swift in Sources */ = {isa = PBXBuildFile; fileRef = E9F3B48A2A97C0D600004A78 /* Bike.swift */; };
		E9F3B48D2A97C0DF00004A78 /* User.swift in Sources */ = {isa = PBXBuildFile; fileRef = E9F3B48C2A97C0DF00004A78 /* User.swift */; };
		E9F3B4912A97C11D00004A78 /* AuthenticationViewModel.swift in Sources */ = {isa = PBXBuildFile; fileRef = E9F3B4902A97C11D00004A78 /* AuthenticationViewModel.swift */; };
		E9F3B4942A97C33A00004A78 /* FirebaseAuth in Frameworks */ = {isa = PBXBuildFile; productRef = E9F3B4932A97C33A00004A78 /* FirebaseAuth */; };
		E9F3B4962A97C33A00004A78 /* FirebaseFirestore in Frameworks */ = {isa = PBXBuildFile; productRef = E9F3B4952A97C33A00004A78 /* FirebaseFirestore */; };
		E9F3B4982A97C33A00004A78 /* FirebaseFirestoreSwift in Frameworks */ = {isa = PBXBuildFile; productRef = E9F3B4972A97C33A00004A78 /* FirebaseFirestoreSwift */; };
		E9F3B49A2A97C33A00004A78 /* FirebaseStorage in Frameworks */ = {isa = PBXBuildFile; productRef = E9F3B4992A97C33A00004A78 /* FirebaseStorage */; };
		E9F3B49F2A97C86400004A78 /* RidesView.swift in Sources */ = {isa = PBXBuildFile; fileRef = E9F3B49E2A97C86400004A78 /* RidesView.swift */; };
		E9F3B4A42A97CCB200004A78 /* InboxView.swift in Sources */ = {isa = PBXBuildFile; fileRef = E9F3B4A32A97CCB200004A78 /* InboxView.swift */; };
		E9F3B4A72A97CD9900004A78 /* WishListView.swift in Sources */ = {isa = PBXBuildFile; fileRef = E9F3B4A62A97CD9900004A78 /* WishListView.swift */; };
/* End PBXBuildFile section */

/* Begin PBXFileReference section */
		E9CE302A2A952E8800120A6D /* LeadYourWay.app */ = {isa = PBXFileReference; explicitFileType = wrapper.application; includeInIndex = 0; path = LeadYourWay.app; sourceTree = BUILT_PRODUCTS_DIR; };
		E9CE302D2A952E8800120A6D /* LeadYourWayApp.swift */ = {isa = PBXFileReference; lastKnownFileType = sourcecode.swift; path = LeadYourWayApp.swift; sourceTree = "<group>"; };
		E9CE302F2A952E8800120A6D /* ContentView.swift */ = {isa = PBXFileReference; lastKnownFileType = sourcecode.swift; path = ContentView.swift; sourceTree = "<group>"; };
		E9CE30312A952E8900120A6D /* Assets.xcassets */ = {isa = PBXFileReference; lastKnownFileType = folder.assetcatalog; path = Assets.xcassets; sourceTree = "<group>"; };
		E9CE30342A952E8900120A6D /* Preview Assets.xcassets */ = {isa = PBXFileReference; lastKnownFileType = folder.assetcatalog; path = "Preview Assets.xcassets"; sourceTree = "<group>"; };
		E9F3B4712A97BAF200004A78 /* DashboardView.swift */ = {isa = PBXFileReference; lastKnownFileType = sourcecode.swift; path = DashboardView.swift; sourceTree = "<group>"; };
		E9F3B4772A97BC8100004A78 /* ExploreView.swift */ = {isa = PBXFileReference; lastKnownFileType = sourcecode.swift; path = ExploreView.swift; sourceTree = "<group>"; };
		E9F3B47A2A97BEA400004A78 /* TabMenuView.swift */ = {isa = PBXFileReference; lastKnownFileType = sourcecode.swift; path = TabMenuView.swift; sourceTree = "<group>"; };
		E9F3B4802A97BF6300004A78 /* ProfileView.swift */ = {isa = PBXFileReference; lastKnownFileType = sourcecode.swift; path = ProfileView.swift; sourceTree = "<group>"; };
		E9F3B4882A97C01900004A78 /* NotificationsView.swift */ = {isa = PBXFileReference; lastKnownFileType = sourcecode.swift; path = NotificationsView.swift; sourceTree = "<group>"; };
		E9F3B48A2A97C0D600004A78 /* Bike.swift */ = {isa = PBXFileReference; lastKnownFileType = sourcecode.swift; path = Bike.swift; sourceTree = "<group>"; };
		E9F3B48C2A97C0DF00004A78 /* User.swift */ = {isa = PBXFileReference; lastKnownFileType = sourcecode.swift; path = User.swift; sourceTree = "<group>"; };
		E9F3B4902A97C11D00004A78 /* AuthenticationViewModel.swift */ = {isa = PBXFileReference; lastKnownFileType = sourcecode.swift; path = AuthenticationViewModel.swift; sourceTree = "<group>"; };
		E9F3B49E2A97C86400004A78 /* RidesView.swift */ = {isa = PBXFileReference; lastKnownFileType = sourcecode.swift; path = RidesView.swift; sourceTree = "<group>"; };
		E9F3B4A32A97CCB200004A78 /* InboxView.swift */ = {isa = PBXFileReference; lastKnownFileType = sourcecode.swift; path = InboxView.swift; sourceTree = "<group>"; };
		E9F3B4A62A97CD9900004A78 /* WishListView.swift */ = {isa = PBXFileReference; lastKnownFileType = sourcecode.swift; path = WishListView.swift; sourceTree = "<group>"; };
/* End PBXFileReference section */

/* Begin PBXFrameworksBuildPhase section */
		E9CE30272A952E8800120A6D /* Frameworks */ = {
			isa = PBXFrameworksBuildPhase;
			buildActionMask = 2147483647;
			files = (
				E9F3B4942A97C33A00004A78 /* FirebaseAuth in Frameworks */,
				E9F3B49A2A97C33A00004A78 /* FirebaseStorage in Frameworks */,
				E9F3B4962A97C33A00004A78 /* FirebaseFirestore in Frameworks */,
				E9F3B4982A97C33A00004A78 /* FirebaseFirestoreSwift in Frameworks */,
			);
			runOnlyForDeploymentPostprocessing = 0;
		};
/* End PBXFrameworksBuildPhase section */

/* Begin PBXGroup section */
		E9CE30212A952E8800120A6D = {
			isa = PBXGroup;
			children = (
				E9CE302C2A952E8800120A6D /* LeadYourWay */,
				E9CE302B2A952E8800120A6D /* Products */,
			);
			sourceTree = "<group>";
		};
		E9CE302B2A952E8800120A6D /* Products */ = {
			isa = PBXGroup;
			children = (
				E9CE302A2A952E8800120A6D /* LeadYourWay.app */,
			);
			name = Products;
			sourceTree = "<group>";
		};
		E9CE302C2A952E8800120A6D /* LeadYourWay */ = {
			isa = PBXGroup;
			children = (
				E9F3B4732A97BC3F00004A78 /* Model */,
				E9F3B4702A97BA2400004A78 /* Core */,
				E9F3B46E2A97BA1100004A78 /* Services */,
				E9CE302D2A952E8800120A6D /* LeadYourWayApp.swift */,
				E9CE302F2A952E8800120A6D /* ContentView.swift */,
				E9CE30312A952E8900120A6D /* Assets.xcassets */,
				E9CE30332A952E8900120A6D /* Preview Content */,
			);
			path = LeadYourWay;
			sourceTree = "<group>";
		};
		E9CE30332A952E8900120A6D /* Preview Content */ = {
			isa = PBXGroup;
			children = (
				E9CE30342A952E8900120A6D /* Preview Assets.xcassets */,
			);
			path = "Preview Content";
			sourceTree = "<group>";
		};
		E9F3B46E2A97BA1100004A78 /* Services */ = {
			isa = PBXGroup;
			children = (
			);
			path = Services;
			sourceTree = "<group>";
		};
		E9F3B4702A97BA2400004A78 /* Core */ = {
			isa = PBXGroup;
			children = (
				E9F3B4A52A97CD8A00004A78 /* Wishlist */,
				E9F3B4A02A97CC8F00004A78 /* Messaging */,
				E9F3B49B2A97C71900004A78 /* Rides */,
				E9F3B48E2A97C0F200004A78 /* Authentication */,
				E9F3B4852A97BFCA00004A78 /* Notifications */,
				E9F3B4822A97BF9900004A78 /* CustomBike */,
				E9F3B47C2A97BF0F00004A78 /* Profile */,
				E9F3B4792A97BE9600004A78 /* TabMenu */,
				E9F3B4752A97BC6200004A78 /* Explore */,
				E9F3B4742A97BC5900004A78 /* Dashboard */,
			);
			path = Core;
			sourceTree = "<group>";
		};
		E9F3B4732A97BC3F00004A78 /* Model */ = {
			isa = PBXGroup;
			children = (
				E9F3B48A2A97C0D600004A78 /* Bike.swift */,
				E9F3B48C2A97C0DF00004A78 /* User.swift */,
			);
			path = Model;
			sourceTree = "<group>";
		};
		E9F3B4742A97BC5900004A78 /* Dashboard */ = {
			isa = PBXGroup;
			children = (
				E9F3B4712A97BAF200004A78 /* DashboardView.swift */,
			);
			path = Dashboard;
			sourceTree = "<group>";
		};
		E9F3B4752A97BC6200004A78 /* Explore */ = {
			isa = PBXGroup;
			children = (
				E9F3B4762A97BC7300004A78 /* Views */,
			);
			path = Explore;
			sourceTree = "<group>";
		};
		E9F3B4762A97BC7300004A78 /* Views */ = {
			isa = PBXGroup;
			children = (
				E9F3B4772A97BC8100004A78 /* ExploreView.swift */,
			);
			path = Views;
			sourceTree = "<group>";
		};
		E9F3B4792A97BE9600004A78 /* TabMenu */ = {
			isa = PBXGroup;
			children = (
				E9F3B47A2A97BEA400004A78 /* TabMenuView.swift */,
			);
			path = TabMenu;
			sourceTree = "<group>";
		};
		E9F3B47C2A97BF0F00004A78 /* Profile */ = {
			isa = PBXGroup;
			children = (
				E9F3B47F2A97BF5800004A78 /* Views */,
				E9F3B47D2A97BF4700004A78 /* Viewmodels */,
			);
			path = Profile;
			sourceTree = "<group>";
		};
		E9F3B47D2A97BF4700004A78 /* Viewmodels */ = {
			isa = PBXGroup;
			children = (
			);
			path = Viewmodels;
			sourceTree = "<group>";
		};
		E9F3B47F2A97BF5800004A78 /* Views */ = {
			isa = PBXGroup;
			children = (
				E9F3B4802A97BF6300004A78 /* ProfileView.swift */,
			);
			path = Views;
			sourceTree = "<group>";
		};
		E9F3B4822A97BF9900004A78 /* CustomBike */ = {
			isa = PBXGroup;
			children = (
				E9F3B4842A97BFB400004A78 /* Views */,
				E9F3B4832A97BFAA00004A78 /* Viewmodels */,
			);
			path = CustomBike;
			sourceTree = "<group>";
		};
		E9F3B4832A97BFAA00004A78 /* Viewmodels */ = {
			isa = PBXGroup;
			children = (
			);
			path = Viewmodels;
			sourceTree = "<group>";
		};
		E9F3B4842A97BFB400004A78 /* Views */ = {
			isa = PBXGroup;
			children = (
			);
			path = Views;
			sourceTree = "<group>";
		};
		E9F3B4852A97BFCA00004A78 /* Notifications */ = {
			isa = PBXGroup;
			children = (
				E9F3B4872A97BFDB00004A78 /* Views */,
				E9F3B4862A97BFD400004A78 /* Viewmodels */,
			);
			path = Notifications;
			sourceTree = "<group>";
		};
		E9F3B4862A97BFD400004A78 /* Viewmodels */ = {
			isa = PBXGroup;
			children = (
			);
			path = Viewmodels;
			sourceTree = "<group>";
		};
		E9F3B4872A97BFDB00004A78 /* Views */ = {
			isa = PBXGroup;
			children = (
				E9F3B4882A97C01900004A78 /* NotificationsView.swift */,
			);
			path = Views;
			sourceTree = "<group>";
		};
		E9F3B48E2A97C0F200004A78 /* Authentication */ = {
			isa = PBXGroup;
			children = (
				E9F3B48F2A97C10600004A78 /* Views */,
				E9F3B4902A97C11D00004A78 /* AuthenticationViewModel.swift */,
			);
			path = Authentication;
			sourceTree = "<group>";
		};
		E9F3B48F2A97C10600004A78 /* Views */ = {
			isa = PBXGroup;
			children = (
			);
			path = Views;
			sourceTree = "<group>";
		};
		E9F3B49B2A97C71900004A78 /* Rides */ = {
			isa = PBXGroup;
			children = (
				E9F3B49D2A97C85000004A78 /* Views */,
				E9F3B49C2A97C84A00004A78 /* Viewmodels */,
			);
			path = Rides;
			sourceTree = "<group>";
		};
		E9F3B49C2A97C84A00004A78 /* Viewmodels */ = {
			isa = PBXGroup;
			children = (
			);
			path = Viewmodels;
			sourceTree = "<group>";
		};
		E9F3B49D2A97C85000004A78 /* Views */ = {
			isa = PBXGroup;
			children = (
				E9F3B49E2A97C86400004A78 /* RidesView.swift */,
			);
			path = Views;
			sourceTree = "<group>";
		};
		E9F3B4A02A97CC8F00004A78 /* Messaging */ = {
			isa = PBXGroup;
			children = (
				E9F3B4A22A97CCA300004A78 /* Views */,
				E9F3B4A12A97CC9D00004A78 /* Viewmodel */,
			);
			path = Messaging;
			sourceTree = "<group>";
		};
		E9F3B4A12A97CC9D00004A78 /* Viewmodel */ = {
			isa = PBXGroup;
			children = (
			);
			path = Viewmodel;
			sourceTree = "<group>";
		};
		E9F3B4A22A97CCA300004A78 /* Views */ = {
			isa = PBXGroup;
			children = (
				E9F3B4A32A97CCB200004A78 /* InboxView.swift */,
			);
			path = Views;
			sourceTree = "<group>";
		};
		E9F3B4A52A97CD8A00004A78 /* Wishlist */ = {
			isa = PBXGroup;
			children = (
				E9F3B4A62A97CD9900004A78 /* WishListView.swift */,
			);
			path = Wishlist;
			sourceTree = "<group>";
		};
/* End PBXGroup section */

/* Begin PBXNativeTarget section */
		E9CE30292A952E8800120A6D /* LeadYourWay */ = {
			isa = PBXNativeTarget;
			buildConfigurationList = E9CE30382A952E8900120A6D /* Build configuration list for PBXNativeTarget "LeadYourWay" */;
			buildPhases = (
				E9CE30262A952E8800120A6D /* Sources */,
				E9CE30272A952E8800120A6D /* Frameworks */,
				E9CE30282A952E8800120A6D /* Resources */,
			);
			buildRules = (
			);
			dependencies = (
			);
			name = LeadYourWay;
			packageProductDependencies = (
				E9F3B4932A97C33A00004A78 /* FirebaseAuth */,
				E9F3B4952A97C33A00004A78 /* FirebaseFirestore */,
				E9F3B4972A97C33A00004A78 /* FirebaseFirestoreSwift */,
				E9F3B4992A97C33A00004A78 /* FirebaseStorage */,
			);
			productName = LeadYourWay;
			productReference = E9CE302A2A952E8800120A6D /* LeadYourWay.app */;
			productType = "com.apple.product-type.application";
		};
/* End PBXNativeTarget section */

/* Begin PBXProject section */
		E9CE30222A952E8800120A6D /* Project object */ = {
			isa = PBXProject;
			attributes = {
				BuildIndependentTargetsInParallel = 1;
				LastSwiftUpdateCheck = 1420;
				LastUpgradeCheck = 1420;
				TargetAttributes = {
					E9CE30292A952E8800120A6D = {
						CreatedOnToolsVersion = 14.2;
					};
				};
			};
			buildConfigurationList = E9CE30252A952E8800120A6D /* Build configuration list for PBXProject "LeadYourWay" */;
			compatibilityVersion = "Xcode 14.0";
			developmentRegion = en;
			hasScannedForEncodings = 0;
			knownRegions = (
				en,
				Base,
			);
			mainGroup = E9CE30212A952E8800120A6D;
			packageReferences = (
				E9F3B4922A97C33A00004A78 /* XCRemoteSwiftPackageReference "firebase-ios-sdk" */,
			);
			productRefGroup = E9CE302B2A952E8800120A6D /* Products */;
			projectDirPath = "";
			projectRoot = "";
			targets = (
				E9CE30292A952E8800120A6D /* LeadYourWay */,
			);
		};
/* End PBXProject section */

/* Begin PBXResourcesBuildPhase section */
		E9CE30282A952E8800120A6D /* Resources */ = {
			isa = PBXResourcesBuildPhase;
			buildActionMask = 2147483647;
			files = (
				E9CE30352A952E8900120A6D /* Preview Assets.xcassets in Resources */,
				E9CE30322A952E8900120A6D /* Assets.xcassets in Resources */,
			);
			runOnlyForDeploymentPostprocessing = 0;
		};
/* End PBXResourcesBuildPhase section */

/* Begin PBXSourcesBuildPhase section */
		E9CE30262A952E8800120A6D /* Sources */ = {
			isa = PBXSourcesBuildPhase;
			buildActionMask = 2147483647;
			files = (
				E9F3B48B2A97C0D600004A78 /* Bike.swift in Sources */,
				E9F3B4A42A97CCB200004A78 /* InboxView.swift in Sources */,
				E9CE30302A952E8800120A6D /* ContentView.swift in Sources */,
				E9F3B4722A97BAF200004A78 /* DashboardView.swift in Sources */,
				E9F3B4782A97BC8100004A78 /* ExploreView.swift in Sources */,
				E9F3B47B2A97BEA400004A78 /* TabMenuView.swift in Sources */,
				E9F3B48D2A97C0DF00004A78 /* User.swift in Sources */,
				E9F3B4912A97C11D00004A78 /* AuthenticationViewModel.swift in Sources */,
				E9F3B49F2A97C86400004A78 /* RidesView.swift in Sources */,
				E9F3B4812A97BF6300004A78 /* ProfileView.swift in Sources */,
				E9CE302E2A952E8800120A6D /* LeadYourWayApp.swift in Sources */,
				E9F3B4A72A97CD9900004A78 /* WishListView.swift in Sources */,
				E9F3B4892A97C01900004A78 /* NotificationsView.swift in Sources */,
			);
			runOnlyForDeploymentPostprocessing = 0;
		};
/* End PBXSourcesBuildPhase section */

/* Begin XCBuildConfiguration section */
		E9CE30362A952E8900120A6D /* Debug */ = {
			isa = XCBuildConfiguration;
			buildSettings = {
				ALWAYS_SEARCH_USER_PATHS = NO;
				CLANG_ANALYZER_NONNULL = YES;
				CLANG_ANALYZER_NUMBER_OBJECT_CONVERSION = YES_AGGRESSIVE;
				CLANG_CXX_LANGUAGE_STANDARD = "gnu++20";
				CLANG_ENABLE_MODULES = YES;
				CLANG_ENABLE_OBJC_ARC = YES;
				CLANG_ENABLE_OBJC_WEAK = YES;
				CLANG_WARN_BLOCK_CAPTURE_AUTORELEASING = YES;
				CLANG_WARN_BOOL_CONVERSION = YES;
				CLANG_WARN_COMMA = YES;
				CLANG_WARN_CONSTANT_CONVERSION = YES;
				CLANG_WARN_DEPRECATED_OBJC_IMPLEMENTATIONS = YES;
				CLANG_WARN_DIRECT_OBJC_ISA_USAGE = YES_ERROR;
				CLANG_WARN_DOCUMENTATION_COMMENTS = YES;
				CLANG_WARN_EMPTY_BODY = YES;
				CLANG_WARN_ENUM_CONVERSION = YES;
				CLANG_WARN_INFINITE_RECURSION = YES;
				CLANG_WARN_INT_CONVERSION = YES;
				CLANG_WARN_NON_LITERAL_NULL_CONVERSION = YES;
				CLANG_WARN_OBJC_IMPLICIT_RETAIN_SELF = YES;
				CLANG_WARN_OBJC_LITERAL_CONVERSION = YES;
				CLANG_WARN_OBJC_ROOT_CLASS = YES_ERROR;
				CLANG_WARN_QUOTED_INCLUDE_IN_FRAMEWORK_HEADER = YES;
				CLANG_WARN_RANGE_LOOP_ANALYSIS = YES;
				CLANG_WARN_STRICT_PROTOTYPES = YES;
				CLANG_WARN_SUSPICIOUS_MOVE = YES;
				CLANG_WARN_UNGUARDED_AVAILABILITY = YES_AGGRESSIVE;
				CLANG_WARN_UNREACHABLE_CODE = YES;
				CLANG_WARN__DUPLICATE_METHOD_MATCH = YES;
				COPY_PHASE_STRIP = NO;
				DEBUG_INFORMATION_FORMAT = dwarf;
				ENABLE_STRICT_OBJC_MSGSEND = YES;
				ENABLE_TESTABILITY = YES;
				GCC_C_LANGUAGE_STANDARD = gnu11;
				GCC_DYNAMIC_NO_PIC = NO;
				GCC_NO_COMMON_BLOCKS = YES;
				GCC_OPTIMIZATION_LEVEL = 0;
				GCC_PREPROCESSOR_DEFINITIONS = (
					"DEBUG=1",
					"$(inherited)",
				);
				GCC_WARN_64_TO_32_BIT_CONVERSION = YES;
				GCC_WARN_ABOUT_RETURN_TYPE = YES_ERROR;
				GCC_WARN_UNDECLARED_SELECTOR = YES;
				GCC_WARN_UNINITIALIZED_AUTOS = YES_AGGRESSIVE;
				GCC_WARN_UNUSED_FUNCTION = YES;
				GCC_WARN_UNUSED_VARIABLE = YES;
				IPHONEOS_DEPLOYMENT_TARGET = 16.2;
				MTL_ENABLE_DEBUG_INFO = INCLUDE_SOURCE;
				MTL_FAST_MATH = YES;
				ONLY_ACTIVE_ARCH = YES;
				SDKROOT = iphoneos;
				SWIFT_ACTIVE_COMPILATION_CONDITIONS = DEBUG;
				SWIFT_OPTIMIZATION_LEVEL = "-Onone";
			};
			name = Debug;
		};
		E9CE30372A952E8900120A6D /* Release */ = {
			isa = XCBuildConfiguration;
			buildSettings = {
				ALWAYS_SEARCH_USER_PATHS = NO;
				CLANG_ANALYZER_NONNULL = YES;
				CLANG_ANALYZER_NUMBER_OBJECT_CONVERSION = YES_AGGRESSIVE;
				CLANG_CXX_LANGUAGE_STANDARD = "gnu++20";
				CLANG_ENABLE_MODULES = YES;
				CLANG_ENABLE_OBJC_ARC = YES;
				CLANG_ENABLE_OBJC_WEAK = YES;
				CLANG_WARN_BLOCK_CAPTURE_AUTORELEASING = YES;
				CLANG_WARN_BOOL_CONVERSION = YES;
				CLANG_WARN_COMMA = YES;
				CLANG_WARN_CONSTANT_CONVERSION = YES;
				CLANG_WARN_DEPRECATED_OBJC_IMPLEMENTATIONS = YES;
				CLANG_WARN_DIRECT_OBJC_ISA_USAGE = YES_ERROR;
				CLANG_WARN_DOCUMENTATION_COMMENTS = YES;
				CLANG_WARN_EMPTY_BODY = YES;
				CLANG_WARN_ENUM_CONVERSION = YES;
				CLANG_WARN_INFINITE_RECURSION = YES;
				CLANG_WARN_INT_CONVERSION = YES;
				CLANG_WARN_NON_LITERAL_NULL_CONVERSION = YES;
				CLANG_WARN_OBJC_IMPLICIT_RETAIN_SELF = YES;
				CLANG_WARN_OBJC_LITERAL_CONVERSION = YES;
				CLANG_WARN_OBJC_ROOT_CLASS = YES_ERROR;
				CLANG_WARN_QUOTED_INCLUDE_IN_FRAMEWORK_HEADER = YES;
				CLANG_WARN_RANGE_LOOP_ANALYSIS = YES;
				CLANG_WARN_STRICT_PROTOTYPES = YES;
				CLANG_WARN_SUSPICIOUS_MOVE = YES;
				CLANG_WARN_UNGUARDED_AVAILABILITY = YES_AGGRESSIVE;
				CLANG_WARN_UNREACHABLE_CODE = YES;
				CLANG_WARN__DUPLICATE_METHOD_MATCH = YES;
				COPY_PHASE_STRIP = NO;
				DEBUG_INFORMATION_FORMAT = "dwarf-with-dsym";
				ENABLE_NS_ASSERTIONS = NO;
				ENABLE_STRICT_OBJC_MSGSEND = YES;
				GCC_C_LANGUAGE_STANDARD = gnu11;
				GCC_NO_COMMON_BLOCKS = YES;
				GCC_WARN_64_TO_32_BIT_CONVERSION = YES;
				GCC_WARN_ABOUT_RETURN_TYPE = YES_ERROR;
				GCC_WARN_UNDECLARED_SELECTOR = YES;
				GCC_WARN_UNINITIALIZED_AUTOS = YES_AGGRESSIVE;
				GCC_WARN_UNUSED_FUNCTION = YES;
				GCC_WARN_UNUSED_VARIABLE = YES;
				IPHONEOS_DEPLOYMENT_TARGET = 16.2;
				MTL_ENABLE_DEBUG_INFO = NO;
				MTL_FAST_MATH = YES;
				SDKROOT = iphoneos;
				SWIFT_COMPILATION_MODE = wholemodule;
				SWIFT_OPTIMIZATION_LEVEL = "-O";
				VALIDATE_PRODUCT = YES;
			};
			name = Release;
		};
		E9CE30392A952E8900120A6D /* Debug */ = {
			isa = XCBuildConfiguration;
			buildSettings = {
				ASSETCATALOG_COMPILER_APPICON_NAME = AppIcon;
				ASSETCATALOG_COMPILER_GLOBAL_ACCENT_COLOR_NAME = AccentColor;
				CODE_SIGN_STYLE = Automatic;
				CURRENT_PROJECT_VERSION = 1;
				DEVELOPMENT_ASSET_PATHS = "\"LeadYourWay/Preview Content\"";
				ENABLE_PREVIEWS = YES;
				GENERATE_INFOPLIST_FILE = YES;
				INFOPLIST_KEY_UIApplicationSceneManifest_Generation = YES;
				INFOPLIST_KEY_UIApplicationSupportsIndirectInputEvents = YES;
				INFOPLIST_KEY_UILaunchScreen_Generation = YES;
				INFOPLIST_KEY_UISupportedInterfaceOrientations_iPad = "UIInterfaceOrientationPortrait UIInterfaceOrientationPortraitUpsideDown UIInterfaceOrientationLandscapeLeft UIInterfaceOrientationLandscapeRight";
				INFOPLIST_KEY_UISupportedInterfaceOrientations_iPhone = "UIInterfaceOrientationPortrait UIInterfaceOrientationLandscapeLeft UIInterfaceOrientationLandscapeRight";
				LD_RUNPATH_SEARCH_PATHS = (
					"$(inherited)",
					"@executable_path/Frameworks",
				);
				MARKETING_VERSION = 1.0;
				PRODUCT_BUNDLE_IDENTIFIER = com.upc.edu.pe.LeadYourWay;
				PRODUCT_NAME = "$(TARGET_NAME)";
				SWIFT_EMIT_LOC_STRINGS = YES;
				SWIFT_VERSION = 5.0;
				TARGETED_DEVICE_FAMILY = "1,2";
			};
			name = Debug;
		};
		E9CE303A2A952E8900120A6D /* Release */ = {
			isa = XCBuildConfiguration;
			buildSettings = {
				ASSETCATALOG_COMPILER_APPICON_NAME = AppIcon;
				ASSETCATALOG_COMPILER_GLOBAL_ACCENT_COLOR_NAME = AccentColor;
				CODE_SIGN_STYLE = Automatic;
				CURRENT_PROJECT_VERSION = 1;
				DEVELOPMENT_ASSET_PATHS = "\"LeadYourWay/Preview Content\"";
				ENABLE_PREVIEWS = YES;
				GENERATE_INFOPLIST_FILE = YES;
				INFOPLIST_KEY_UIApplicationSceneManifest_Generation = YES;
				INFOPLIST_KEY_UIApplicationSupportsIndirectInputEvents = YES;
				INFOPLIST_KEY_UILaunchScreen_Generation = YES;
				INFOPLIST_KEY_UISupportedInterfaceOrientations_iPad = "UIInterfaceOrientationPortrait UIInterfaceOrientationPortraitUpsideDown UIInterfaceOrientationLandscapeLeft UIInterfaceOrientationLandscapeRight";
				INFOPLIST_KEY_UISupportedInterfaceOrientations_iPhone = "UIInterfaceOrientationPortrait UIInterfaceOrientationLandscapeLeft UIInterfaceOrientationLandscapeRight";
				LD_RUNPATH_SEARCH_PATHS = (
					"$(inherited)",
					"@executable_path/Frameworks",
				);
				MARKETING_VERSION = 1.0;
				PRODUCT_BUNDLE_IDENTIFIER = com.upc.edu.pe.LeadYourWay;
				PRODUCT_NAME = "$(TARGET_NAME)";
				SWIFT_EMIT_LOC_STRINGS = YES;
				SWIFT_VERSION = 5.0;
				TARGETED_DEVICE_FAMILY = "1,2";
			};
			name = Release;
		};
/* End XCBuildConfiguration section */

/* Begin XCConfigurationList section */
		E9CE30252A952E8800120A6D /* Build configuration list for PBXProject "LeadYourWay" */ = {
			isa = XCConfigurationList;
			buildConfigurations = (
				E9CE30362A952E8900120A6D /* Debug */,
				E9CE30372A952E8900120A6D /* Release */,
			);
			defaultConfigurationIsVisible = 0;
			defaultConfigurationName = Release;
		};
		E9CE30382A952E8900120A6D /* Build configuration list for PBXNativeTarget "LeadYourWay" */ = {
			isa = XCConfigurationList;
			buildConfigurations = (
				E9CE30392A952E8900120A6D /* Debug */,
				E9CE303A2A952E8900120A6D /* Release */,
			);
			defaultConfigurationIsVisible = 0;
			defaultConfigurationName = Release;
		};
/* End XCConfigurationList section */

/* Begin XCRemoteSwiftPackageReference section */
		E9F3B4922A97C33A00004A78 /* XCRemoteSwiftPackageReference "firebase-ios-sdk" */ = {
			isa = XCRemoteSwiftPackageReference;
			repositoryURL = "https://github.com/firebase/firebase-ios-sdk";
			requirement = {
				kind = upToNextMajorVersion;
				minimumVersion = 9.0.0;
			};
		};
/* End XCRemoteSwiftPackageReference section */

/* Begin XCSwiftPackageProductDependency section */
		E9F3B4932A97C33A00004A78 /* FirebaseAuth */ = {
			isa = XCSwiftPackageProductDependency;
			package = E9F3B4922A97C33A00004A78 /* XCRemoteSwiftPackageReference "firebase-ios-sdk" */;
			productName = FirebaseAuth;
		};
		E9F3B4952A97C33A00004A78 /* FirebaseFirestore */ = {
			isa = XCSwiftPackageProductDependency;
			package = E9F3B4922A97C33A00004A78 /* XCRemoteSwiftPackageReference "firebase-ios-sdk" */;
			productName = FirebaseFirestore;
		};
		E9F3B4972A97C33A00004A78 /* FirebaseFirestoreSwift */ = {
			isa = XCSwiftPackageProductDependency;
			package = E9F3B4922A97C33A00004A78 /* XCRemoteSwiftPackageReference "firebase-ios-sdk" */;
			productName = FirebaseFirestoreSwift;
		};
		E9F3B4992A97C33A00004A78 /* FirebaseStorage */ = {
			isa = XCSwiftPackageProductDependency;
			package = E9F3B4922A97C33A00004A78 /* XCRemoteSwiftPackageReference "firebase-ios-sdk" */;
			productName = FirebaseStorage;
		};
/* End XCSwiftPackageProductDependency section */
	};
	rootObject = E9CE30222A952E8800120A6D /* Project object */;
}
